
Microsoft Visual Studio Solution File, Format Version 12.00
Project("{FAE04EC0-301F-11D3-BF4B-00C04F79EFBC}") = "Day1", "Day1\Day1.csproj", "{69147AD9-54CA-45E6-8DA6-931CE46F5193}"
EndProject
Project("{FAE04EC0-301F-11D3-BF4B-00C04F79EFBC}") = "Day2", "Day2\Day2.csproj", "{569EB43E-FF5F-48E4-90C6-BFDD7FA45B39}"
EndProject
Project("{FAE04EC0-301F-11D3-BF4B-00C04F79EFBC}") = "Day3", "Day3\Day3.csproj", "{ED265988-077D-4296-84E0-63380BEDEF0A}"
EndProject
Project("{FAE04EC0-301F-11D3-BF4B-00C04F79EFBC}") = "Day4", "Day4\Day4.csproj", "{BBDAA023-1E93-4ECB-8E54-75F73E737838}"
EndProject
Project("{FAE04EC0-301F-11D3-BF4B-00C04F79EFBC}") = "Day5", "Day5\Day5.csproj", "{06A26BE8-A7AD-4197-A220-A150AC89DDE7}"
EndProject
Project("{FAE04EC0-301F-11D3-BF4B-00C04F79EFBC}") = "Day6", "Day6\Day6.csproj", "{5A042BDE-0F3A-44E1-8488-288F7EBB7D54}"
EndProject
Project("{FAE04EC0-301F-11D3-BF4B-00C04F79EFBC}") = "Day7", "Day7\Day7.csproj", "{F797C552-9363-4F41-886E-206BAA6B6C31}"
EndProject
Project("{FAE04EC0-301F-11D3-BF4B-00C04F79EFBC}") = "Day8", "Day8\Day8.csproj", "{58F15FF0-7709-4111-8AB2-BDE791E18C20}"
EndProject
Project("{FAE04EC0-301F-11D3-BF4B-00C04F79EFBC}") = "Day9", "Day9\Day9.csproj", "{C6813E48-44D9-4B16-9D6D-A9E3B7706837}"
EndProject
Global
	GlobalSection(SolutionConfigurationPlatforms) = preSolution
		Debug|Any CPU = Debug|Any CPU
		Release|Any CPU = Release|Any CPU
	EndGlobalSection
	GlobalSection(ProjectConfigurationPlatforms) = postSolution
		{69147AD9-54CA-45E6-8DA6-931CE46F5193}.Debug|Any CPU.ActiveCfg = Debug|Any CPU
		{69147AD9-54CA-45E6-8DA6-931CE46F5193}.Debug|Any CPU.Build.0 = Debug|Any CPU
		{69147AD9-54CA-45E6-8DA6-931CE46F5193}.Release|Any CPU.ActiveCfg = Release|Any CPU
		{69147AD9-54CA-45E6-8DA6-931CE46F5193}.Release|Any CPU.Build.0 = Release|Any CPU
		{569EB43E-FF5F-48E4-90C6-BFDD7FA45B39}.Debug|Any CPU.ActiveCfg = Debug|Any CPU
		{569EB43E-FF5F-48E4-90C6-BFDD7FA45B39}.Debug|Any CPU.Build.0 = Debug|Any CPU
		{569EB43E-FF5F-48E4-90C6-BFDD7FA45B39}.Release|Any CPU.ActiveCfg = Release|Any CPU
		{569EB43E-FF5F-48E4-90C6-BFDD7FA45B39}.Release|Any CPU.Build.0 = Release|Any CPU
		{ED265988-077D-4296-84E0-63380BEDEF0A}.Debug|Any CPU.ActiveCfg = Debug|Any CPU
		{ED265988-077D-4296-84E0-63380BEDEF0A}.Debug|Any CPU.Build.0 = Debug|Any CPU
		{ED265988-077D-4296-84E0-63380BEDEF0A}.Release|Any CPU.ActiveCfg = Release|Any CPU
		{ED265988-077D-4296-84E0-63380BEDEF0A}.Release|Any CPU.Build.0 = Release|Any CPU
		{BBDAA023-1E93-4ECB-8E54-75F73E737838}.Debug|Any CPU.ActiveCfg = Debug|Any CPU
		{BBDAA023-1E93-4ECB-8E54-75F73E737838}.Debug|Any CPU.Build.0 = Debug|Any CPU
		{BBDAA023-1E93-4ECB-8E54-75F73E737838}.Release|Any CPU.ActiveCfg = Release|Any CPU
		{BBDAA023-1E93-4ECB-8E54-75F73E737838}.Release|Any CPU.Build.0 = Release|Any CPU
		{06A26BE8-A7AD-4197-A220-A150AC89DDE7}.Debug|Any CPU.ActiveCfg = Debug|Any CPU
		{06A26BE8-A7AD-4197-A220-A150AC89DDE7}.Debug|Any CPU.Build.0 = Debug|Any CPU
		{06A26BE8-A7AD-4197-A220-A150AC89DDE7}.Release|Any CPU.ActiveCfg = Release|Any CPU
		{06A26BE8-A7AD-4197-A220-A150AC89DDE7}.Release|Any CPU.Build.0 = Release|Any CPU
		{5A042BDE-0F3A-44E1-8488-288F7EBB7D54}.Debug|Any CPU.ActiveCfg = Debug|Any CPU
		{5A042BDE-0F3A-44E1-8488-288F7EBB7D54}.Debug|Any CPU.Build.0 = Debug|Any CPU
		{5A042BDE-0F3A-44E1-8488-288F7EBB7D54}.Release|Any CPU.ActiveCfg = Release|Any CPU
		{5A042BDE-0F3A-44E1-8488-288F7EBB7D54}.Release|Any CPU.Build.0 = Release|Any CPU
		{F797C552-9363-4F41-886E-206BAA6B6C31}.Debug|Any CPU.ActiveCfg = Debug|Any CPU
		{F797C552-9363-4F41-886E-206BAA6B6C31}.Debug|Any CPU.Build.0 = Debug|Any CPU
		{F797C552-9363-4F41-886E-206BAA6B6C31}.Release|Any CPU.ActiveCfg = Release|Any CPU
		{F797C552-9363-4F41-886E-206BAA6B6C31}.Release|Any CPU.Build.0 = Release|Any CPU
		{58F15FF0-7709-4111-8AB2-BDE791E18C20}.Debug|Any CPU.ActiveCfg = Debug|Any CPU
		{58F15FF0-7709-4111-8AB2-BDE791E18C20}.Debug|Any CPU.Build.0 = Debug|Any CPU
		{58F15FF0-7709-4111-8AB2-BDE791E18C20}.Release|Any CPU.ActiveCfg = Release|Any CPU
		{58F15FF0-7709-4111-8AB2-BDE791E18C20}.Release|Any CPU.Build.0 = Release|Any CPU
		{C6813E48-44D9-4B16-9D6D-A9E3B7706837}.Debug|Any CPU.ActiveCfg = Debug|Any CPU
		{C6813E48-44D9-4B16-9D6D-A9E3B7706837}.Debug|Any CPU.Build.0 = Debug|Any CPU
		{C6813E48-44D9-4B16-9D6D-A9E3B7706837}.Release|Any CPU.ActiveCfg = Release|Any CPU
		{C6813E48-44D9-4B16-9D6D-A9E3B7706837}.Release|Any CPU.Build.0 = Release|Any CPU
	EndGlobalSection
EndGlobal
